
Microsoft Visual Studio Solution File, Format Version 12.00
# Visual Studio Version 17
VisualStudioVersion = 17.9.34622.214
MinimumVisualStudioVersion = 10.0.40219.1
Project("{FAE04EC0-301F-11D3-BF4B-00C04F79EFBC}") = "FazendaUrbana", "FazendaUrbana\FazendaUrbana.csproj", "{7BA297AE-0D42-4022-97D2-282C6E9A48BB}"
EndProject
Global
	GlobalSection(SolutionConfigurationPlatforms) = preSolution
		Debug|Any CPU = Debug|Any CPU
		Release|Any CPU = Release|Any CPU
	EndGlobalSection
	GlobalSection(ProjectConfigurationPlatforms) = postSolution
		{7BA297AE-0D42-4022-97D2-282C6E9A48BB}.Debug|Any CPU.ActiveCfg = Debug|Any CPU
		{7BA297AE-0D42-4022-97D2-282C6E9A48BB}.Debug|Any CPU.Build.0 = Debug|Any CPU
		{7BA297AE-0D42-4022-97D2-282C6E9A48BB}.Release|Any CPU.ActiveCfg = Release|Any CPU
		{7BA297AE-0D42-4022-97D2-282C6E9A48BB}.Release|Any CPU.Build.0 = Release|Any CPU
	EndGlobalSection
	GlobalSection(SolutionProperties) = preSolution
		HideSolutionNode = FALSE
	EndGlobalSection
	GlobalSection(ExtensibilityGlobals) = postSolution
		SolutionGuid = {E3F26AA3-8C1C-45AA-A37B-A0E744D14302}
	EndGlobalSection
EndGlobal
